{
  "version": 4,
  "terraform_version": "1.12.2",
  "serial": 39,
  "lineage": "64873f97-5569-4bc1-0c35-92a246e17c8c",
  "outputs": {
    "app_service_url": {
      "value": "demotemp65735-web.azurewebsites.net",
      "type": "string"
    }
  },
  "resources": [
    {
      "mode": "managed",
      "type": "azurerm_linux_web_app",
      "name": "web",
      "provider": "provider[\"registry.terraform.io/hashicorp/azurerm\"]",
      "instances": [
        {
          "schema_version": 1,
          "attributes": {
            "app_settings": {},
            "auth_settings": [
              {
                "active_directory": [],
                "additional_login_parameters": {},
                "allowed_external_redirect_urls": [],
                "default_provider": "",
                "enabled": false,
                "facebook": [],
                "github": [],
                "google": [],
                "issuer": "",
                "microsoft": [],
                "runtime_version": "",
                "token_refresh_extension_hours": 0,
                "token_store_enabled": false,
                "twitter": [],
                "unauthenticated_client_action": ""
              }
            ],
            "auth_settings_v2": [],
            "backup": [],
            "client_affinity_enabled": false,
            "client_certificate_enabled": false,
            "client_certificate_exclusion_paths": "",
            "client_certificate_mode": "Required",
            "connection_string": [],
            "custom_domain_verification_id": "7A90BA8D5CB3AAE18556B2D36765A25F987F25824545C606055AB21B4C8A2FE9",
            "default_hostname": "demotemp65735-web.azurewebsites.net",
            "enabled": true,
            "ftp_publish_basic_authentication_enabled": true,
            "hosting_environment_id": "",
            "https_only": false,
            "id": "/subscriptions/8b531410-b29b-4609-93e8-a1a8679bd9e2/resourceGroups/rg-demo/providers/Microsoft.Web/sites/demotemp65735-web",
            "identity": [],
            "key_vault_reference_identity_id": "SystemAssigned",
            "kind": "app,linux",
            "location": "eastus",
            "logs": [],
            "name": "demotemp65735-web",
            "outbound_ip_address_list": [
              "20.121.159.145",
              "20.121.159.156",
              "20.237.32.240",
              "20.237.33.58",
              "20.237.33.99",
              "20.237.37.239",
              "52.226.248.197",
              "52.226.249.43",
              "52.226.249.73",
              "52.226.249.192",
              "52.226.250.63",
              "52.226.250.75",
              "20.119.16.48"
            ],
            "outbound_ip_addresses": "20.121.159.145,20.121.159.156,20.237.32.240,20.237.33.58,20.237.33.99,20.237.37.239,52.226.248.197,52.226.249.43,52.226.249.73,52.226.249.192,52.226.250.63,52.226.250.75,20.119.16.48",
            "possible_outbound_ip_address_list": [
              "20.121.159.145",
              "20.121.159.156",
              "20.237.32.240",
              "20.237.33.58",
              "20.237.33.99",
              "20.237.37.239",
              "52.226.248.197",
              "52.226.249.43",
              "52.226.249.73",
              "52.226.249.192",
              "52.226.250.63",
              "52.226.250.75",
              "52.226.250.125",
              "52.226.251.9",
              "52.226.252.246",
              "52.226.253.60",
              "52.226.253.224",
              "52.226.255.158",
              "20.121.152.205",
              "20.121.152.255",
              "20.121.153.153",
              "20.121.155.195",
              "20.121.156.164",
              "20.121.157.204",
              "20.237.39.216",
              "20.246.153.53",
              "20.246.154.81",
              "20.246.154.136",
              "20.246.154.161",
              "20.246.155.23",
              "20.119.16.48"
            ],
            "possible_outbound_ip_addresses": "20.121.159.145,20.121.159.156,20.237.32.240,20.237.33.58,20.237.33.99,20.237.37.239,52.226.248.197,52.226.249.43,52.226.249.73,52.226.249.192,52.226.250.63,52.226.250.75,52.226.250.125,52.226.251.9,52.226.252.246,52.226.253.60,52.226.253.224,52.226.255.158,20.121.152.205,20.121.152.255,20.121.153.153,20.121.155.195,20.121.156.164,20.121.157.204,20.237.39.216,20.246.153.53,20.246.154.81,20.246.154.136,20.246.154.161,20.246.155.23,20.119.16.48",
            "public_network_access_enabled": true,
            "resource_group_name": "rg-demo",
            "service_plan_id": "/subscriptions/8b531410-b29b-4609-93e8-a1a8679bd9e2/resourceGroups/rg-demo/providers/Microsoft.Web/serverFarms/demo-asp",
            "site_config": [
              {
                "always_on": true,
                "api_definition_url": "",
                "api_management_api_id": "",
                "app_command_line": "",
                "application_stack": [
                  {
                    "docker_image_name": "",
                    "docker_registry_password": "",
                    "docker_registry_url": "",
                    "docker_registry_username": "",
                    "dotnet_version": "",
                    "go_version": "",
                    "java_server": "",
                    "java_server_version": "",
                    "java_version": "",
                    "node_version": "",
                    "php_version": "",
                    "python_version": "",
                    "ruby_version": ""
                  }
                ],
                "auto_heal_setting": [],
                "container_registry_managed_identity_client_id": "",
                "container_registry_use_managed_identity": false,
                "cors": [],
                "default_documents": [
                  "Default.htm",
                  "Default.html",
                  "Default.asp",
                  "index.htm",
                  "index.html",
                  "iisstart.htm",
                  "default.aspx",
                  "index.php",
                  "hostingstart.html"
                ],
                "detailed_error_logging_enabled": false,
                "ftps_state": "Disabled",
                "health_check_eviction_time_in_min": 0,
                "health_check_path": "",
                "http2_enabled": false,
                "ip_restriction": [],
                "ip_restriction_default_action": "Allow",
                "linux_fx_version": "",
                "load_balancing_mode": "LeastRequests",
                "local_mysql_enabled": false,
                "managed_pipeline_mode": "Integrated",
                "minimum_tls_version": "1.2",
                "remote_debugging_enabled": false,
                "remote_debugging_version": "VS2022",
                "scm_ip_restriction": [],
                "scm_ip_restriction_default_action": "Allow",
                "scm_minimum_tls_version": "1.2",
                "scm_type": "None",
                "scm_use_main_ip_restriction": false,
                "use_32_bit_worker": true,
                "vnet_route_all_enabled": false,
                "websockets_enabled": false,
                "worker_count": 1
              }
            ],
            "site_credential": [
              {
                "name": "$demotemp65735-web",
                "password": "AEG7Cqes2xLL9nv8uhDiMquQhXZlEpw5FYirkqX6T3BHvpyEF1EsspqrRDSA"
              }
            ],
            "sticky_settings": [],
            "storage_account": [],
            "tags": {},
            "timeouts": null,
            "virtual_network_backup_restore_enabled": false,
            "virtual_network_subnet_id": "",
            "vnet_image_pull_enabled": false,
            "webdeploy_publish_basic_authentication_enabled": true,
            "zip_deploy_file": ""
          },
          "sensitive_attributes": [
            [
              {
                "type": "get_attr",
                "value": "custom_domain_verification_id"
              }
            ],
            [
              {
                "type": "get_attr",
                "value": "site_config"
              },
              {
                "type": "index",
                "value": {
                  "value": 0,
                  "type": "number"
                }
              },
              {
                "type": "get_attr",
                "value": "application_stack"
              },
              {
                "type": "index",
                "value": {
                  "value": 0,
                  "type": "number"
                }
              },
              {
                "type": "get_attr",
                "value": "docker_registry_password"
              }
            ],
            [
              {
                "type": "get_attr",
                "value": "site_credential"
              }
            ]
          ],
          "identity_schema_version": 0,
          "private": "eyJlMmJmYjczMC1lY2FhLTExZTYtOGY4OC0zNDM2M2JjN2M0YzAiOnsiY3JlYXRlIjoxODAwMDAwMDAwMDAwLCJkZWxldGUiOjE4MDAwMDAwMDAwMDAsInJlYWQiOjMwMDAwMDAwMDAwMCwidXBkYXRlIjoxODAwMDAwMDAwMDAwfSwic2NoZW1hX3ZlcnNpb24iOiIxIn0=",
          "dependencies": [
            "azurerm_resource_group.rg",
            "azurerm_service_plan.example"
          ]
        }
      ]
    },
    {
      "mode": "managed",
      "type": "azurerm_resource_group",
      "name": "rg",
      "provider": "provider[\"registry.terraform.io/hashicorp/azurerm\"]",
      "instances": [
        {
          "schema_version": 0,
          "attributes": {
            "id": "/subscriptions/8b531410-b29b-4609-93e8-a1a8679bd9e2/resourceGroups/rg-demo",
            "location": "eastus",
            "managed_by": "",
            "name": "rg-demo",
            "tags": {},
            "timeouts": null
          },
          "sensitive_attributes": [],
          "identity_schema_version": 0,
          "private": "eyJlMmJmYjczMC1lY2FhLTExZTYtOGY4OC0zNDM2M2JjN2M0YzAiOnsiY3JlYXRlIjo1NDAwMDAwMDAwMDAwLCJkZWxldGUiOjU0MDAwMDAwMDAwMDAsInJlYWQiOjMwMDAwMDAwMDAwMCwidXBkYXRlIjo1NDAwMDAwMDAwMDAwfX0="
        }
      ]
    },
    {
      "mode": "managed",
      "type": "azurerm_service_plan",
      "name": "example",
      "provider": "provider[\"registry.terraform.io/hashicorp/azurerm\"]",
      "instances": [
        {
          "schema_version": 1,
          "attributes": {
            "app_service_environment_id": "",
            "id": "/subscriptions/8b531410-b29b-4609-93e8-a1a8679bd9e2/resourceGroups/rg-demo/providers/Microsoft.Web/serverFarms/demo-asp",
            "kind": "linux",
            "location": "eastus",
            "maximum_elastic_worker_count": 1,
            "name": "demo-asp",
            "os_type": "Linux",
            "per_site_scaling_enabled": false,
            "premium_plan_auto_scale_enabled": false,
            "reserved": true,
            "resource_group_name": "rg-demo",
            "sku_name": "S1",
            "tags": {},
            "timeouts": null,
            "worker_count": 1,
            "zone_balancing_enabled": false
          },
          "sensitive_attributes": [],
          "identity_schema_version": 0,
          "private": "eyJlMmJmYjczMC1lY2FhLTExZTYtOGY4OC0zNDM2M2JjN2M0YzAiOnsiY3JlYXRlIjozNjAwMDAwMDAwMDAwLCJkZWxldGUiOjM2MDAwMDAwMDAwMDAsInJlYWQiOjMwMDAwMDAwMDAwMCwidXBkYXRlIjozNjAwMDAwMDAwMDAwfSwic2NoZW1hX3ZlcnNpb24iOiIxIn0=",
          "dependencies": [
            "azurerm_resource_group.rg"
          ]
        }
      ]
    },
    {
      "mode": "managed",
      "type": "azurerm_virtual_network",
      "name": "vnet",
      "provider": "provider[\"registry.terraform.io/hashicorp/azurerm\"]",
      "instances": [
        {
          "schema_version": 0,
          "attributes": {
            "address_space": [
              "10.0.0.0/16"
            ],
            "bgp_community": "",
            "ddos_protection_plan": [],
            "dns_servers": [],
            "edge_zone": "",
            "encryption": [],
            "flow_timeout_in_minutes": 0,
            "guid": "57c4ffec-2633-4b07-97b5-570d1755c26c",
            "id": "/subscriptions/8b531410-b29b-4609-93e8-a1a8679bd9e2/resourceGroups/rg-demo/providers/Microsoft.Network/virtualNetworks/demo-vnet",
            "ip_address_pool": [],
            "location": "eastus",
            "name": "demo-vnet",
            "private_endpoint_vnet_policies": "Disabled",
            "resource_group_name": "rg-demo",
            "subnet": [],
            "tags": {},
            "timeouts": null
          },
          "sensitive_attributes": [],
          "identity_schema_version": 0,
          "identity": {
            "name": "demo-vnet",
            "resource_group_name": "rg-demo",
            "subscription_id": "8b531410-b29b-4609-93e8-a1a8679bd9e2"
          },
          "private": "eyJlMmJmYjczMC1lY2FhLTExZTYtOGY4OC0zNDM2M2JjN2M0YzAiOnsiY3JlYXRlIjoxODAwMDAwMDAwMDAwLCJkZWxldGUiOjE4MDAwMDAwMDAwMDAsInJlYWQiOjMwMDAwMDAwMDAwMCwidXBkYXRlIjoxODAwMDAwMDAwMDAwfX0=",
          "dependencies": [
            "azurerm_resource_group.rg"
          ]
        }
      ]
    },
    {
      "mode": "managed",
      "type": "random_password",
      "name": "sql",
      "provider": "provider[\"registry.terraform.io/hashicorp/random\"]",
      "instances": [
        {
          "schema_version": 3,
          "attributes": {
            "bcrypt_hash": "$2a$10$nqZy25U1fKa0op9Tm6chL.5RTNWvSbafJWw79jfRC4bDkdLfa8HiG",
            "id": "none",
            "keepers": null,
            "length": 16,
            "lower": true,
            "min_lower": 0,
            "min_numeric": 0,
            "min_special": 0,
            "min_upper": 0,
            "number": true,
            "numeric": true,
            "override_special": null,
            "result": "OtzNtBqW91VN-gJC",
            "special": true,
            "upper": true
          },
          "sensitive_attributes": [
            [
              {
                "type": "get_attr",
                "value": "bcrypt_hash"
              }
            ],
            [
              {
                "type": "get_attr",
                "value": "result"
              }
            ]
          ],
          "identity_schema_version": 0
        }
      ]
    }
  ],
  "check_results": null
}
